// !$*UTF8*$!
{
	archiveVersion = 1;
	classes = {
	};
	objectVersion = 56;
	objects = {

/* Begin PBXBuildFile section */
		0650D5372BAB48B700AB812A /* Assets.xcassets in Resources */ = {isa = PBXBuildFile; fileRef = 0650D5362BAB48B700AB812A /* Assets.xcassets */; };
		0659FFB42BB04FD40080F5A8 /* LocalFileManager.swift in Sources */ = {isa = PBXBuildFile; fileRef = 0659FFB32BB04FD40080F5A8 /* LocalFileManager.swift */; };
		068352922BAB4931000040BB /* CoinModel.swift in Sources */ = {isa = PBXBuildFile; fileRef = 068352912BAB4931000040BB /* CoinModel.swift */; };
		068352942BAB789D000040BB /* CoinRowView.swift in Sources */ = {isa = PBXBuildFile; fileRef = 068352932BAB789D000040BB /* CoinRowView.swift */; };
		068352962BAB79A5000040BB /* PreviewProvider.swift in Sources */ = {isa = PBXBuildFile; fileRef = 068352952BAB79A5000040BB /* PreviewProvider.swift */; };
		068352982BAB7D88000040BB /* Double.swift in Sources */ = {isa = PBXBuildFile; fileRef = 068352972BAB7D88000040BB /* Double.swift */; };
		069330182BB4620D005A1F4D /* StatisticModel.swift in Sources */ = {isa = PBXBuildFile; fileRef = 069330172BB4620D005A1F4D /* StatisticModel.swift */; };
		0693301A2BB462EE005A1F4D /* StatisticView.swift in Sources */ = {isa = PBXBuildFile; fileRef = 069330192BB462EE005A1F4D /* StatisticView.swift */; };
		0693301C2BB46703005A1F4D /* HomeStatsView.swift in Sources */ = {isa = PBXBuildFile; fileRef = 0693301B2BB46703005A1F4D /* HomeStatsView.swift */; };
		0693301E2BB49861005A1F4D /* MarketDataModel.swift in Sources */ = {isa = PBXBuildFile; fileRef = 0693301D2BB49861005A1F4D /* MarketDataModel.swift */; };
		069330202BB5827A005A1F4D /* MarketDataService.swift in Sources */ = {isa = PBXBuildFile; fileRef = 0693301F2BB5827A005A1F4D /* MarketDataService.swift */; };
		069330222BB5A8CE005A1F4D /* PortfolioView.swift in Sources */ = {isa = PBXBuildFile; fileRef = 069330212BB5A8CE005A1F4D /* PortfolioView.swift */; };
		069330242BB5ACEC005A1F4D /* XMarkButton.swift in Sources */ = {isa = PBXBuildFile; fileRef = 069330232BB5ACEC005A1F4D /* XMarkButton.swift */; };
		069330262BB5AE8E005A1F4D /* CoinLogoView.swift in Sources */ = {isa = PBXBuildFile; fileRef = 069330252BB5AE8E005A1F4D /* CoinLogoView.swift */; };
		069BDEAC2BB1CA7F008F52B8 /* SearchBarView.swift in Sources */ = {isa = PBXBuildFile; fileRef = 069BDEAB2BB1CA7F008F52B8 /* SearchBarView.swift */; };
		069BDEAE2BB1CF2B008F52B8 /* UIApplication.swift in Sources */ = {isa = PBXBuildFile; fileRef = 069BDEAD2BB1CF2B008F52B8 /* UIApplication.swift */; };
		06AFDDA82BB95EB30040CC68 /* DetailView.swift in Sources */ = {isa = PBXBuildFile; fileRef = 06AFDDA72BB95EB30040CC68 /* DetailView.swift */; };
		06C26C6B2BAF197F0046D1A1 /* HomeViewModel.swift in Sources */ = {isa = PBXBuildFile; fileRef = 06C26C6A2BAF197F0046D1A1 /* HomeViewModel.swift */; };
		06C26C6E2BAF2D840046D1A1 /* CoinDataService.swift in Sources */ = {isa = PBXBuildFile; fileRef = 06C26C6D2BAF2D840046D1A1 /* CoinDataService.swift */; };
		06C26C712BAF6C0F0046D1A1 /* NetworkingManager.swift in Sources */ = {isa = PBXBuildFile; fileRef = 06C26C702BAF6C0F0046D1A1 /* NetworkingManager.swift */; };
		06C26C742BB025E30046D1A1 /* CoinImageView.swift in Sources */ = {isa = PBXBuildFile; fileRef = 06C26C732BB025E30046D1A1 /* CoinImageView.swift */; };
		06C26C762BB0276D0046D1A1 /* CoinImageService.swift in Sources */ = {isa = PBXBuildFile; fileRef = 06C26C752BB0276D0046D1A1 /* CoinImageService.swift */; };
		06C26C782BB028FE0046D1A1 /* CoinImageViewModel.swift in Sources */ = {isa = PBXBuildFile; fileRef = 06C26C772BB028FE0046D1A1 /* CoinImageViewModel.swift */; };
		06CF84002BA76FD3000A43A6 /* CryptoApp.swift in Sources */ = {isa = PBXBuildFile; fileRef = 06CF83FF2BA76FD3000A43A6 /* CryptoApp.swift */; };
		06CF84022BA76FD3000A43A6 /* ContentView.swift in Sources */ = {isa = PBXBuildFile; fileRef = 06CF84012BA76FD3000A43A6 /* ContentView.swift */; };
		06CF84072BA76FD4000A43A6 /* Preview Assets.xcassets in Resources */ = {isa = PBXBuildFile; fileRef = 06CF84062BA76FD4000A43A6 /* Preview Assets.xcassets */; };
		06CF84112BA771CF000A43A6 /* Color.swift in Sources */ = {isa = PBXBuildFile; fileRef = 06CF84102BA771CF000A43A6 /* Color.swift */; };
		06CF84182BA774E9000A43A6 /* HomeView.swift in Sources */ = {isa = PBXBuildFile; fileRef = 06CF84172BA774E9000A43A6 /* HomeView.swift */; };
		06CF841C2BA77604000A43A6 /* CircleButtonView.swift in Sources */ = {isa = PBXBuildFile; fileRef = 06CF841B2BA77604000A43A6 /* CircleButtonView.swift */; };
		06CF841E2BA77BC1000A43A6 /* CircleButtonAnimationView.swift in Sources */ = {isa = PBXBuildFile; fileRef = 06CF841D2BA77BC1000A43A6 /* CircleButtonAnimationView.swift */; };
		06D0A1CB2BB881AB0010F299 /* HapticManager.swift in Sources */ = {isa = PBXBuildFile; fileRef = 06D0A1CA2BB881AB0010F299 /* HapticManager.swift */; };
		06E056A42BB6E73200369A86 /* PortfolioContainer.xcdatamodeld in Sources */ = {isa = PBXBuildFile; fileRef = 06E056A22BB6E73200369A86 /* PortfolioContainer.xcdatamodeld */; };
		06E056A62BB6E7CD00369A86 /* PortfolioDataService.swift in Sources */ = {isa = PBXBuildFile; fileRef = 06E056A52BB6E7CD00369A86 /* PortfolioDataService.swift */; };
/* End PBXBuildFile section */

/* Begin PBXFileReference section */
		0650D5362BAB48B700AB812A /* Assets.xcassets */ = {isa = PBXFileReference; lastKnownFileType = folder.assetcatalog; path = Assets.xcassets; sourceTree = "<group>"; };
		0659FFB32BB04FD40080F5A8 /* LocalFileManager.swift */ = {isa = PBXFileReference; lastKnownFileType = sourcecode.swift; path = LocalFileManager.swift; sourceTree = "<group>"; };
		068352912BAB4931000040BB /* CoinModel.swift */ = {isa = PBXFileReference; lastKnownFileType = sourcecode.swift; path = CoinModel.swift; sourceTree = "<group>"; };
		068352932BAB789D000040BB /* CoinRowView.swift */ = {isa = PBXFileReference; lastKnownFileType = sourcecode.swift; path = CoinRowView.swift; sourceTree = "<group>"; };
		068352952BAB79A5000040BB /* PreviewProvider.swift */ = {isa = PBXFileReference; lastKnownFileType = sourcecode.swift; path = PreviewProvider.swift; sourceTree = "<group>"; };
		068352972BAB7D88000040BB /* Double.swift */ = {isa = PBXFileReference; lastKnownFileType = sourcecode.swift; path = Double.swift; sourceTree = "<group>"; };
		069330172BB4620D005A1F4D /* StatisticModel.swift */ = {isa = PBXFileReference; lastKnownFileType = sourcecode.swift; path = StatisticModel.swift; sourceTree = "<group>"; };
		069330192BB462EE005A1F4D /* StatisticView.swift */ = {isa = PBXFileReference; lastKnownFileType = sourcecode.swift; path = StatisticView.swift; sourceTree = "<group>"; };
		0693301B2BB46703005A1F4D /* HomeStatsView.swift */ = {isa = PBXFileReference; lastKnownFileType = sourcecode.swift; path = HomeStatsView.swift; sourceTree = "<group>"; };
		0693301D2BB49861005A1F4D /* MarketDataModel.swift */ = {isa = PBXFileReference; lastKnownFileType = sourcecode.swift; path = MarketDataModel.swift; sourceTree = "<group>"; };
		0693301F2BB5827A005A1F4D /* MarketDataService.swift */ = {isa = PBXFileReference; lastKnownFileType = sourcecode.swift; path = MarketDataService.swift; sourceTree = "<group>"; };
		069330212BB5A8CE005A1F4D /* PortfolioView.swift */ = {isa = PBXFileReference; lastKnownFileType = sourcecode.swift; path = PortfolioView.swift; sourceTree = "<group>"; };
		069330232BB5ACEC005A1F4D /* XMarkButton.swift */ = {isa = PBXFileReference; lastKnownFileType = sourcecode.swift; path = XMarkButton.swift; sourceTree = "<group>"; };
		069330252BB5AE8E005A1F4D /* CoinLogoView.swift */ = {isa = PBXFileReference; lastKnownFileType = sourcecode.swift; path = CoinLogoView.swift; sourceTree = "<group>"; };
		069BDEAB2BB1CA7F008F52B8 /* SearchBarView.swift */ = {isa = PBXFileReference; lastKnownFileType = sourcecode.swift; path = SearchBarView.swift; sourceTree = "<group>"; };
		069BDEAD2BB1CF2B008F52B8 /* UIApplication.swift */ = {isa = PBXFileReference; lastKnownFileType = sourcecode.swift; path = UIApplication.swift; sourceTree = "<group>"; };
		06AFDDA72BB95EB30040CC68 /* DetailView.swift */ = {isa = PBXFileReference; lastKnownFileType = sourcecode.swift; path = DetailView.swift; sourceTree = "<group>"; };
		06C26C6A2BAF197F0046D1A1 /* HomeViewModel.swift */ = {isa = PBXFileReference; lastKnownFileType = sourcecode.swift; path = HomeViewModel.swift; sourceTree = "<group>"; };
		06C26C6D2BAF2D840046D1A1 /* CoinDataService.swift */ = {isa = PBXFileReference; lastKnownFileType = sourcecode.swift; path = CoinDataService.swift; sourceTree = "<group>"; };
		06C26C702BAF6C0F0046D1A1 /* NetworkingManager.swift */ = {isa = PBXFileReference; lastKnownFileType = sourcecode.swift; path = NetworkingManager.swift; sourceTree = "<group>"; };
		06C26C732BB025E30046D1A1 /* CoinImageView.swift */ = {isa = PBXFileReference; lastKnownFileType = sourcecode.swift; path = CoinImageView.swift; sourceTree = "<group>"; };
		06C26C752BB0276D0046D1A1 /* CoinImageService.swift */ = {isa = PBXFileReference; lastKnownFileType = sourcecode.swift; path = CoinImageService.swift; sourceTree = "<group>"; };
		06C26C772BB028FE0046D1A1 /* CoinImageViewModel.swift */ = {isa = PBXFileReference; lastKnownFileType = sourcecode.swift; path = CoinImageViewModel.swift; sourceTree = "<group>"; };
		06CF83FC2BA76FD3000A43A6 /* Crypto.app */ = {isa = PBXFileReference; explicitFileType = wrapper.application; includeInIndex = 0; path = Crypto.app; sourceTree = BUILT_PRODUCTS_DIR; };
		06CF83FF2BA76FD3000A43A6 /* CryptoApp.swift */ = {isa = PBXFileReference; lastKnownFileType = sourcecode.swift; path = CryptoApp.swift; sourceTree = "<group>"; };
		06CF84012BA76FD3000A43A6 /* ContentView.swift */ = {isa = PBXFileReference; lastKnownFileType = sourcecode.swift; path = ContentView.swift; sourceTree = "<group>"; };
		06CF84062BA76FD4000A43A6 /* Preview Assets.xcassets */ = {isa = PBXFileReference; lastKnownFileType = folder.assetcatalog; path = "Preview Assets.xcassets"; sourceTree = "<group>"; };
		06CF84102BA771CF000A43A6 /* Color.swift */ = {isa = PBXFileReference; lastKnownFileType = sourcecode.swift; path = Color.swift; sourceTree = "<group>"; };
		06CF84172BA774E9000A43A6 /* HomeView.swift */ = {isa = PBXFileReference; lastKnownFileType = sourcecode.swift; path = HomeView.swift; sourceTree = "<group>"; };
		06CF841B2BA77604000A43A6 /* CircleButtonView.swift */ = {isa = PBXFileReference; lastKnownFileType = sourcecode.swift; path = CircleButtonView.swift; sourceTree = "<group>"; };
		06CF841D2BA77BC1000A43A6 /* CircleButtonAnimationView.swift */ = {isa = PBXFileReference; lastKnownFileType = sourcecode.swift; path = CircleButtonAnimationView.swift; sourceTree = "<group>"; };
		06D0A1CA2BB881AB0010F299 /* HapticManager.swift */ = {isa = PBXFileReference; lastKnownFileType = sourcecode.swift; path = HapticManager.swift; sourceTree = "<group>"; };
		06E056A32BB6E73200369A86 /* PortfolioContainer.xcdatamodel */ = {isa = PBXFileReference; lastKnownFileType = wrapper.xcdatamodel; path = PortfolioContainer.xcdatamodel; sourceTree = "<group>"; };
		06E056A52BB6E7CD00369A86 /* PortfolioDataService.swift */ = {isa = PBXFileReference; lastKnownFileType = sourcecode.swift; path = PortfolioDataService.swift; sourceTree = "<group>"; };
/* End PBXFileReference section */

/* Begin PBXFrameworksBuildPhase section */
		06CF83F92BA76FD3000A43A6 /* Frameworks */ = {
			isa = PBXFrameworksBuildPhase;
			buildActionMask = 2147483647;
			files = (
			);
			runOnlyForDeploymentPostprocessing = 0;
		};
/* End PBXFrameworksBuildPhase section */

/* Begin PBXGroup section */
		068352902BAB4917000040BB /* Models */ = {
			isa = PBXGroup;
			children = (
				068352912BAB4931000040BB /* CoinModel.swift */,
				069330172BB4620D005A1F4D /* StatisticModel.swift */,
				0693301D2BB49861005A1F4D /* MarketDataModel.swift */,
				06E056A22BB6E73200369A86 /* PortfolioContainer.xcdatamodeld */,
			);
			path = Models;
			sourceTree = "<group>";
		};
		06AFDDA42BB95E8B0040CC68 /* Detail */ = {
			isa = PBXGroup;
			children = (
				06AFDDA52BB95E9C0040CC68 /* ViewModels */,
				06AFDDA62BB95EA30040CC68 /* Views */,
			);
			path = Detail;
			sourceTree = "<group>";
		};
		06AFDDA52BB95E9C0040CC68 /* ViewModels */ = {
			isa = PBXGroup;
			children = (
			);
			path = ViewModels;
			sourceTree = "<group>";
		};
		06AFDDA62BB95EA30040CC68 /* Views */ = {
			isa = PBXGroup;
			children = (
				06AFDDA72BB95EB30040CC68 /* DetailView.swift */,
			);
			path = Views;
			sourceTree = "<group>";
		};
		06C26C6C2BAF2CFD0046D1A1 /* Services */ = {
			isa = PBXGroup;
			children = (
				06C26C6D2BAF2D840046D1A1 /* CoinDataService.swift */,
				0693301F2BB5827A005A1F4D /* MarketDataService.swift */,
				06C26C752BB0276D0046D1A1 /* CoinImageService.swift */,
				06E056A52BB6E7CD00369A86 /* PortfolioDataService.swift */,
			);
			path = Services;
			sourceTree = "<group>";
		};
		06C26C6F2BAF6BD80046D1A1 /* Utilities */ = {
			isa = PBXGroup;
			children = (
				06C26C702BAF6C0F0046D1A1 /* NetworkingManager.swift */,
				0659FFB32BB04FD40080F5A8 /* LocalFileManager.swift */,
				06D0A1CA2BB881AB0010F299 /* HapticManager.swift */,
			);
			path = Utilities;
			sourceTree = "<group>";
		};
		06C26C722BB025D70046D1A1 /* CoinImage */ = {
			isa = PBXGroup;
			children = (
				06C26C732BB025E30046D1A1 /* CoinImageView.swift */,
				06C26C772BB028FE0046D1A1 /* CoinImageViewModel.swift */,
				069330252BB5AE8E005A1F4D /* CoinLogoView.swift */,
			);
			path = CoinImage;
			sourceTree = "<group>";
		};
		06CF83F32BA76FD3000A43A6 = {
			isa = PBXGroup;
			children = (
				06CF83FE2BA76FD3000A43A6 /* Crypto */,
				06CF83FD2BA76FD3000A43A6 /* Products */,
			);
			sourceTree = "<group>";
		};
		06CF83FD2BA76FD3000A43A6 /* Products */ = {
			isa = PBXGroup;
			children = (
				06CF83FC2BA76FD3000A43A6 /* Crypto.app */,
			);
			name = Products;
			sourceTree = "<group>";
		};
		06CF83FE2BA76FD3000A43A6 /* Crypto */ = {
			isa = PBXGroup;
			children = (
				06CF83FF2BA76FD3000A43A6 /* CryptoApp.swift */,
				06CF84012BA76FD3000A43A6 /* ContentView.swift */,
				06C26C6F2BAF6BD80046D1A1 /* Utilities */,
				06CF840F2BA771BC000A43A6 /* Extentions */,
				06C26C6C2BAF2CFD0046D1A1 /* Services */,
				068352902BAB4917000040BB /* Models */,
				06CF84122BA774AD000A43A6 /* Core */,
				0650D5362BAB48B700AB812A /* Assets.xcassets */,
				06CF84052BA76FD4000A43A6 /* Preview Content */,
			);
			path = Crypto;
			sourceTree = "<group>";
		};
		06CF84052BA76FD4000A43A6 /* Preview Content */ = {
			isa = PBXGroup;
			children = (
				06CF84062BA76FD4000A43A6 /* Preview Assets.xcassets */,
			);
			path = "Preview Content";
			sourceTree = "<group>";
		};
		06CF840F2BA771BC000A43A6 /* Extentions */ = {
			isa = PBXGroup;
			children = (
				06CF84102BA771CF000A43A6 /* Color.swift */,
				068352952BAB79A5000040BB /* PreviewProvider.swift */,
				068352972BAB7D88000040BB /* Double.swift */,
				069BDEAD2BB1CF2B008F52B8 /* UIApplication.swift */,
			);
			path = Extentions;
			sourceTree = "<group>";
		};
		06CF84122BA774AD000A43A6 /* Core */ = {
			isa = PBXGroup;
			children = (
				06CF84192BA775D7000A43A6 /* Components */,
				06CF84132BA774BD000A43A6 /* Home */,
				06AFDDA42BB95E8B0040CC68 /* Detail */,
			);
			path = Core;
			sourceTree = "<group>";
		};
		06CF84132BA774BD000A43A6 /* Home */ = {
			isa = PBXGroup;
			children = (
				06CF84162BA774D8000A43A6 /* ViewModels */,
				06CF84142BA774CD000A43A6 /* Views */,
			);
			path = Home;
			sourceTree = "<group>";
		};
		06CF84142BA774CD000A43A6 /* Views */ = {
			isa = PBXGroup;
			children = (
				06CF84172BA774E9000A43A6 /* HomeView.swift */,
				0693301B2BB46703005A1F4D /* HomeStatsView.swift */,
				068352932BAB789D000040BB /* CoinRowView.swift */,
				069330212BB5A8CE005A1F4D /* PortfolioView.swift */,
			);
			path = Views;
			sourceTree = "<group>";
		};
		06CF84162BA774D8000A43A6 /* ViewModels */ = {
			isa = PBXGroup;
			children = (
				06C26C6A2BAF197F0046D1A1 /* HomeViewModel.swift */,
			);
			path = ViewModels;
			sourceTree = "<group>";
		};
		06CF84192BA775D7000A43A6 /* Components */ = {
			isa = PBXGroup;
			children = (
				06C26C722BB025D70046D1A1 /* CoinImage */,
				06CF841A2BA775F7000A43A6 /* CircleButton */,
				069BDEAB2BB1CA7F008F52B8 /* SearchBarView.swift */,
				069330192BB462EE005A1F4D /* StatisticView.swift */,
				069330232BB5ACEC005A1F4D /* XMarkButton.swift */,
			);
			path = Components;
			sourceTree = "<group>";
		};
		06CF841A2BA775F7000A43A6 /* CircleButton */ = {
			isa = PBXGroup;
			children = (
				06CF841B2BA77604000A43A6 /* CircleButtonView.swift */,
				06CF841D2BA77BC1000A43A6 /* CircleButtonAnimationView.swift */,
			);
			path = CircleButton;
			sourceTree = "<group>";
		};
/* End PBXGroup section */

/* Begin PBXNativeTarget section */
		06CF83FB2BA76FD3000A43A6 /* Crypto */ = {
			isa = PBXNativeTarget;
			buildConfigurationList = 06CF840A2BA76FD4000A43A6 /* Build configuration list for PBXNativeTarget "Crypto" */;
			buildPhases = (
				06CF83F82BA76FD3000A43A6 /* Sources */,
				06CF83F92BA76FD3000A43A6 /* Frameworks */,
				06CF83FA2BA76FD3000A43A6 /* Resources */,
			);
			buildRules = (
			);
			dependencies = (
			);
			name = Crypto;
			productName = Crypto;
			productReference = 06CF83FC2BA76FD3000A43A6 /* Crypto.app */;
			productType = "com.apple.product-type.application";
		};
/* End PBXNativeTarget section */

/* Begin PBXProject section */
		06CF83F42BA76FD3000A43A6 /* Project object */ = {
			isa = PBXProject;
			attributes = {
				BuildIndependentTargetsInParallel = 1;
				LastSwiftUpdateCheck = 1530;
				LastUpgradeCheck = 1530;
				TargetAttributes = {
					06CF83FB2BA76FD3000A43A6 = {
						CreatedOnToolsVersion = 15.3;
					};
				};
			};
			buildConfigurationList = 06CF83F72BA76FD3000A43A6 /* Build configuration list for PBXProject "Crypto" */;
			compatibilityVersion = "Xcode 14.0";
			developmentRegion = en;
			hasScannedForEncodings = 0;
			knownRegions = (
				en,
				Base,
			);
			mainGroup = 06CF83F32BA76FD3000A43A6;
			productRefGroup = 06CF83FD2BA76FD3000A43A6 /* Products */;
			projectDirPath = "";
			projectRoot = "";
			targets = (
				06CF83FB2BA76FD3000A43A6 /* Crypto */,
			);
		};
/* End PBXProject section */

/* Begin PBXResourcesBuildPhase section */
		06CF83FA2BA76FD3000A43A6 /* Resources */ = {
			isa = PBXResourcesBuildPhase;
			buildActionMask = 2147483647;
			files = (
				0650D5372BAB48B700AB812A /* Assets.xcassets in Resources */,
				06CF84072BA76FD4000A43A6 /* Preview Assets.xcassets in Resources */,
			);
			runOnlyForDeploymentPostprocessing = 0;
		};
/* End PBXResourcesBuildPhase section */

/* Begin PBXSourcesBuildPhase section */
		06CF83F82BA76FD3000A43A6 /* Sources */ = {
			isa = PBXSourcesBuildPhase;
			buildActionMask = 2147483647;
			files = (
				06E056A42BB6E73200369A86 /* PortfolioContainer.xcdatamodeld in Sources */,
				069330182BB4620D005A1F4D /* StatisticModel.swift in Sources */,
				06C26C6E2BAF2D840046D1A1 /* CoinDataService.swift in Sources */,
				068352942BAB789D000040BB /* CoinRowView.swift in Sources */,
				069330242BB5ACEC005A1F4D /* XMarkButton.swift in Sources */,
				06C26C6B2BAF197F0046D1A1 /* HomeViewModel.swift in Sources */,
				06CF84022BA76FD3000A43A6 /* ContentView.swift in Sources */,
				0659FFB42BB04FD40080F5A8 /* LocalFileManager.swift in Sources */,
				0693301E2BB49861005A1F4D /* MarketDataModel.swift in Sources */,
				06CF84182BA774E9000A43A6 /* HomeView.swift in Sources */,
				0693301A2BB462EE005A1F4D /* StatisticView.swift in Sources */,
				06C26C742BB025E30046D1A1 /* CoinImageView.swift in Sources */,
				06CF84002BA76FD3000A43A6 /* CryptoApp.swift in Sources */,
				069BDEAE2BB1CF2B008F52B8 /* UIApplication.swift in Sources */,
				06CF841C2BA77604000A43A6 /* CircleButtonView.swift in Sources */,
				06CF84112BA771CF000A43A6 /* Color.swift in Sources */,
				06AFDDA82BB95EB30040CC68 /* DetailView.swift in Sources */,
				06D0A1CB2BB881AB0010F299 /* HapticManager.swift in Sources */,
				069BDEAC2BB1CA7F008F52B8 /* SearchBarView.swift in Sources */,
				06C26C712BAF6C0F0046D1A1 /* NetworkingManager.swift in Sources */,
				069330262BB5AE8E005A1F4D /* CoinLogoView.swift in Sources */,
				0693301C2BB46703005A1F4D /* HomeStatsView.swift in Sources */,
				069330202BB5827A005A1F4D /* MarketDataService.swift in Sources */,
				06CF841E2BA77BC1000A43A6 /* CircleButtonAnimationView.swift in Sources */,
				06C26C782BB028FE0046D1A1 /* CoinImageViewModel.swift in Sources */,
				068352962BAB79A5000040BB /* PreviewProvider.swift in Sources */,
				069330222BB5A8CE005A1F4D /* PortfolioView.swift in Sources */,
				068352982BAB7D88000040BB /* Double.swift in Sources */,
				06C26C762BB0276D0046D1A1 /* CoinImageService.swift in Sources */,
				068352922BAB4931000040BB /* CoinModel.swift in Sources */,
				06E056A62BB6E7CD00369A86 /* PortfolioDataService.swift in Sources */,
			);
			runOnlyForDeploymentPostprocessing = 0;
		};
/* End PBXSourcesBuildPhase section */

/* Begin XCBuildConfiguration section */
		06CF84082BA76FD4000A43A6 /* Debug */ = {
			isa = XCBuildConfiguration;
			buildSettings = {
				ALWAYS_SEARCH_USER_PATHS = NO;
				ASSETCATALOG_COMPILER_GENERATE_SWIFT_ASSET_SYMBOL_EXTENSIONS = YES;
				CLANG_ANALYZER_NONNULL = YES;
				CLANG_ANALYZER_NUMBER_OBJECT_CONVERSION = YES_AGGRESSIVE;
				CLANG_CXX_LANGUAGE_STANDARD = "gnu++20";
				CLANG_ENABLE_MODULES = YES;
				CLANG_ENABLE_OBJC_ARC = YES;
				CLANG_ENABLE_OBJC_WEAK = YES;
				CLANG_WARN_BLOCK_CAPTURE_AUTORELEASING = YES;
				CLANG_WARN_BOOL_CONVERSION = YES;
				CLANG_WARN_COMMA = YES;
				CLANG_WARN_CONSTANT_CONVERSION = YES;
				CLANG_WARN_DEPRECATED_OBJC_IMPLEMENTATIONS = YES;
				CLANG_WARN_DIRECT_OBJC_ISA_USAGE = YES_ERROR;
				CLANG_WARN_DOCUMENTATION_COMMENTS = YES;
				CLANG_WARN_EMPTY_BODY = YES;
				CLANG_WARN_ENUM_CONVERSION = YES;
				CLANG_WARN_INFINITE_RECURSION = YES;
				CLANG_WARN_INT_CONVERSION = YES;
				CLANG_WARN_NON_LITERAL_NULL_CONVERSION = YES;
				CLANG_WARN_OBJC_IMPLICIT_RETAIN_SELF = YES;
				CLANG_WARN_OBJC_LITERAL_CONVERSION = YES;
				CLANG_WARN_OBJC_ROOT_CLASS = YES_ERROR;
				CLANG_WARN_QUOTED_INCLUDE_IN_FRAMEWORK_HEADER = YES;
				CLANG_WARN_RANGE_LOOP_ANALYSIS = YES;
				CLANG_WARN_STRICT_PROTOTYPES = YES;
				CLANG_WARN_SUSPICIOUS_MOVE = YES;
				CLANG_WARN_UNGUARDED_AVAILABILITY = YES_AGGRESSIVE;
				CLANG_WARN_UNREACHABLE_CODE = YES;
				CLANG_WARN__DUPLICATE_METHOD_MATCH = YES;
				COPY_PHASE_STRIP = NO;
				DEBUG_INFORMATION_FORMAT = dwarf;
				ENABLE_STRICT_OBJC_MSGSEND = YES;
				ENABLE_TESTABILITY = YES;
				ENABLE_USER_SCRIPT_SANDBOXING = YES;
				GCC_C_LANGUAGE_STANDARD = gnu17;
				GCC_DYNAMIC_NO_PIC = NO;
				GCC_NO_COMMON_BLOCKS = YES;
				GCC_OPTIMIZATION_LEVEL = 0;
				GCC_PREPROCESSOR_DEFINITIONS = (
					"DEBUG=1",
					"$(inherited)",
				);
				GCC_WARN_64_TO_32_BIT_CONVERSION = YES;
				GCC_WARN_ABOUT_RETURN_TYPE = YES_ERROR;
				GCC_WARN_UNDECLARED_SELECTOR = YES;
				GCC_WARN_UNINITIALIZED_AUTOS = YES_AGGRESSIVE;
				GCC_WARN_UNUSED_FUNCTION = YES;
				GCC_WARN_UNUSED_VARIABLE = YES;
				IPHONEOS_DEPLOYMENT_TARGET = 17.4;
				LOCALIZATION_PREFERS_STRING_CATALOGS = YES;
				MTL_ENABLE_DEBUG_INFO = INCLUDE_SOURCE;
				MTL_FAST_MATH = YES;
				ONLY_ACTIVE_ARCH = YES;
				SDKROOT = iphoneos;
				SWIFT_ACTIVE_COMPILATION_CONDITIONS = "DEBUG $(inherited)";
				SWIFT_OPTIMIZATION_LEVEL = "-Onone";
			};
			name = Debug;
		};
		06CF84092BA76FD4000A43A6 /* Release */ = {
			isa = XCBuildConfiguration;
			buildSettings = {
				ALWAYS_SEARCH_USER_PATHS = NO;
				ASSETCATALOG_COMPILER_GENERATE_SWIFT_ASSET_SYMBOL_EXTENSIONS = YES;
				CLANG_ANALYZER_NONNULL = YES;
				CLANG_ANALYZER_NUMBER_OBJECT_CONVERSION = YES_AGGRESSIVE;
				CLANG_CXX_LANGUAGE_STANDARD = "gnu++20";
				CLANG_ENABLE_MODULES = YES;
				CLANG_ENABLE_OBJC_ARC = YES;
				CLANG_ENABLE_OBJC_WEAK = YES;
				CLANG_WARN_BLOCK_CAPTURE_AUTORELEASING = YES;
				CLANG_WARN_BOOL_CONVERSION = YES;
				CLANG_WARN_COMMA = YES;
				CLANG_WARN_CONSTANT_CONVERSION = YES;
				CLANG_WARN_DEPRECATED_OBJC_IMPLEMENTATIONS = YES;
				CLANG_WARN_DIRECT_OBJC_ISA_USAGE = YES_ERROR;
				CLANG_WARN_DOCUMENTATION_COMMENTS = YES;
				CLANG_WARN_EMPTY_BODY = YES;
				CLANG_WARN_ENUM_CONVERSION = YES;
				CLANG_WARN_INFINITE_RECURSION = YES;
				CLANG_WARN_INT_CONVERSION = YES;
				CLANG_WARN_NON_LITERAL_NULL_CONVERSION = YES;
				CLANG_WARN_OBJC_IMPLICIT_RETAIN_SELF = YES;
				CLANG_WARN_OBJC_LITERAL_CONVERSION = YES;
				CLANG_WARN_OBJC_ROOT_CLASS = YES_ERROR;
				CLANG_WARN_QUOTED_INCLUDE_IN_FRAMEWORK_HEADER = YES;
				CLANG_WARN_RANGE_LOOP_ANALYSIS = YES;
				CLANG_WARN_STRICT_PROTOTYPES = YES;
				CLANG_WARN_SUSPICIOUS_MOVE = YES;
				CLANG_WARN_UNGUARDED_AVAILABILITY = YES_AGGRESSIVE;
				CLANG_WARN_UNREACHABLE_CODE = YES;
				CLANG_WARN__DUPLICATE_METHOD_MATCH = YES;
				COPY_PHASE_STRIP = NO;
				DEBUG_INFORMATION_FORMAT = "dwarf-with-dsym";
				ENABLE_NS_ASSERTIONS = NO;
				ENABLE_STRICT_OBJC_MSGSEND = YES;
				ENABLE_USER_SCRIPT_SANDBOXING = YES;
				GCC_C_LANGUAGE_STANDARD = gnu17;
				GCC_NO_COMMON_BLOCKS = YES;
				GCC_WARN_64_TO_32_BIT_CONVERSION = YES;
				GCC_WARN_ABOUT_RETURN_TYPE = YES_ERROR;
				GCC_WARN_UNDECLARED_SELECTOR = YES;
				GCC_WARN_UNINITIALIZED_AUTOS = YES_AGGRESSIVE;
				GCC_WARN_UNUSED_FUNCTION = YES;
				GCC_WARN_UNUSED_VARIABLE = YES;
				IPHONEOS_DEPLOYMENT_TARGET = 17.4;
				LOCALIZATION_PREFERS_STRING_CATALOGS = YES;
				MTL_ENABLE_DEBUG_INFO = NO;
				MTL_FAST_MATH = YES;
				SDKROOT = iphoneos;
				SWIFT_COMPILATION_MODE = wholemodule;
				VALIDATE_PRODUCT = YES;
			};
			name = Release;
		};
		06CF840B2BA76FD4000A43A6 /* Debug */ = {
			isa = XCBuildConfiguration;
			buildSettings = {
				ASSETCATALOG_COMPILER_APPICON_NAME = AppIcon;
				ASSETCATALOG_COMPILER_GLOBAL_ACCENT_COLOR_NAME = AccentColor;
				CODE_SIGN_STYLE = Automatic;
				CURRENT_PROJECT_VERSION = 1;
				DEVELOPMENT_ASSET_PATHS = "\"Crypto/Preview Content\"";
				DEVELOPMENT_TEAM = 54N6649P4C;
				ENABLE_PREVIEWS = YES;
				GENERATE_INFOPLIST_FILE = YES;
				INFOPLIST_KEY_CFBundleDisplayName = "Crypto Tracker";
				INFOPLIST_KEY_LSApplicationCategoryType = "public.app-category.finance";
				INFOPLIST_KEY_UIApplicationSceneManifest_Generation = YES;
				INFOPLIST_KEY_UIApplicationSupportsIndirectInputEvents = YES;
				INFOPLIST_KEY_UILaunchScreen_Generation = YES;
				INFOPLIST_KEY_UISupportedInterfaceOrientations = UIInterfaceOrientationPortrait;
				LD_RUNPATH_SEARCH_PATHS = (
					"$(inherited)",
					"@executable_path/Frameworks",
				);
				MARKETING_VERSION = 1.0;
				PRODUCT_BUNDLE_IDENTIFIER = com.amc.Crypto;
				PRODUCT_NAME = "$(TARGET_NAME)";
				SUPPORTED_PLATFORMS = "iphoneos iphonesimulator";
				SUPPORTS_MACCATALYST = NO;
				SUPPORTS_MAC_DESIGNED_FOR_IPHONE_IPAD = NO;
				SUPPORTS_XR_DESIGNED_FOR_IPHONE_IPAD = NO;
				SWIFT_EMIT_LOC_STRINGS = YES;
				SWIFT_VERSION = 5.0;
				TARGETED_DEVICE_FAMILY = "1,2";
			};
			name = Debug;
		};
		06CF840C2BA76FD4000A43A6 /* Release */ = {
			isa = XCBuildConfiguration;
			buildSettings = {
				ASSETCATALOG_COMPILER_APPICON_NAME = AppIcon;
				ASSETCATALOG_COMPILER_GLOBAL_ACCENT_COLOR_NAME = AccentColor;
				CODE_SIGN_STYLE = Automatic;
				CURRENT_PROJECT_VERSION = 1;
				DEVELOPMENT_ASSET_PATHS = "\"Crypto/Preview Content\"";
				DEVELOPMENT_TEAM = 54N6649P4C;
				ENABLE_PREVIEWS = YES;
				GENERATE_INFOPLIST_FILE = YES;
				INFOPLIST_KEY_CFBundleDisplayName = "Crypto Tracker";
				INFOPLIST_KEY_LSApplicationCategoryType = "public.app-category.finance";
				INFOPLIST_KEY_UIApplicationSceneManifest_Generation = YES;
				INFOPLIST_KEY_UIApplicationSupportsIndirectInputEvents = YES;
				INFOPLIST_KEY_UILaunchScreen_Generation = YES;
				INFOPLIST_KEY_UISupportedInterfaceOrientations = UIInterfaceOrientationPortrait;
				LD_RUNPATH_SEARCH_PATHS = (
					"$(inherited)",
					"@executable_path/Frameworks",
				);
				MARKETING_VERSION = 1.0;
				PRODUCT_BUNDLE_IDENTIFIER = com.amc.Crypto;
				PRODUCT_NAME = "$(TARGET_NAME)";
				SUPPORTED_PLATFORMS = "iphoneos iphonesimulator";
				SUPPORTS_MACCATALYST = NO;
				SUPPORTS_MAC_DESIGNED_FOR_IPHONE_IPAD = NO;
				SUPPORTS_XR_DESIGNED_FOR_IPHONE_IPAD = NO;
				SWIFT_EMIT_LOC_STRINGS = YES;
				SWIFT_VERSION = 5.0;
				TARGETED_DEVICE_FAMILY = "1,2";
			};
			name = Release;
		};
/* End XCBuildConfiguration section */

/* Begin XCConfigurationList section */
		06CF83F72BA76FD3000A43A6 /* Build configuration list for PBXProject "Crypto" */ = {
			isa = XCConfigurationList;
			buildConfigurations = (
				06CF84082BA76FD4000A43A6 /* Debug */,
				06CF84092BA76FD4000A43A6 /* Release */,
			);
			defaultConfigurationIsVisible = 0;
			defaultConfigurationName = Release;
		};
		06CF840A2BA76FD4000A43A6 /* Build configuration list for PBXNativeTarget "Crypto" */ = {
			isa = XCConfigurationList;
			buildConfigurations = (
				06CF840B2BA76FD4000A43A6 /* Debug */,
				06CF840C2BA76FD4000A43A6 /* Release */,
			);
			defaultConfigurationIsVisible = 0;
			defaultConfigurationName = Release;
		};
/* End XCConfigurationList section */

/* Begin XCVersionGroup section */
		06E056A22BB6E73200369A86 /* PortfolioContainer.xcdatamodeld */ = {
			isa = XCVersionGroup;
			children = (
				06E056A32BB6E73200369A86 /* PortfolioContainer.xcdatamodel */,
			);
			currentVersion = 06E056A32BB6E73200369A86 /* PortfolioContainer.xcdatamodel */;
			name = PortfolioContainer.xcdatamodeld;
			path = /Users/mikhail.chernyshov/Documents/Projects/Crypto/Crypto/Models/PortfolioContainer.xcdatamodeld;
			sourceTree = "<group>";
			versionGroupType = wrapper.xcdatamodel;
		};
/* End XCVersionGroup section */
	};
	rootObject = 06CF83F42BA76FD3000A43A6 /* Project object */;
}
